// !$*UTF8*$!
{
	archiveVersion = 1;
	classes = {
	};
	objectVersion = 50;
	objects = {

/* Begin PBXBuildFile section */
		030D267F218C69810031F7C6 /* update-1.8.zip in Resources */ = {isa = PBXBuildFile; fileRef = 030D267E218C69810031F7C6 /* update-1.8.zip */; };
		032C26B320CACCE5002A7743 /* AppDelegate.swift in Sources */ = {isa = PBXBuildFile; fileRef = 032C26B220CACCE5002A7743 /* AppDelegate.swift */; };
		032C26B520CACCE5002A7743 /* ViewController.swift in Sources */ = {isa = PBXBuildFile; fileRef = 032C26B420CACCE5002A7743 /* ViewController.swift */; };
		032C26B820CACCE5002A7743 /* Main.storyboard in Resources */ = {isa = PBXBuildFile; fileRef = 032C26B620CACCE5002A7743 /* Main.storyboard */; };
		032C26BA20CACCE6002A7743 /* Assets.xcassets in Resources */ = {isa = PBXBuildFile; fileRef = 032C26B920CACCE6002A7743 /* Assets.xcassets */; };
		032C26BD20CACCE6002A7743 /* LaunchScreen.storyboard in Resources */ = {isa = PBXBuildFile; fileRef = 032C26BB20CACCE6002A7743 /* LaunchScreen.storyboard */; };
		0374119C20CACE090016C33A /* iTunesArtwork in Resources */ = {isa = PBXBuildFile; fileRef = 0374119A20CACE090016C33A /* iTunesArtwork */; };
		0374119D20CACE090016C33A /* iTunesArtwork@2x in Resources */ = {isa = PBXBuildFile; fileRef = 0374119B20CACE090016C33A /* iTunesArtwork@2x */; };
		037411A520CAF77C0016C33A /* Device.swift in Sources */ = {isa = PBXBuildFile; fileRef = 037411A420CAF77C0016C33A /* Device.swift */; };
		FE4E543E029F5D5D949B531E /* Pods_OpenMovement_AxLE_Firmware_Updater.framework in Frameworks */ = {isa = PBXBuildFile; fileRef = E0EF8904F2C3EBD2322A64B8 /* Pods_OpenMovement_AxLE_Firmware_Updater.framework */; };
/* End PBXBuildFile section */

/* Begin PBXFileReference section */
		030D267E218C69810031F7C6 /* update-1.8.zip */ = {isa = PBXFileReference; lastKnownFileType = archive.zip; path = "update-1.8.zip"; sourceTree = "<group>"; };
		032C26AF20CACCE5002A7743 /* OpenMovement AxLE Firmware Updater.app */ = {isa = PBXFileReference; explicitFileType = wrapper.application; includeInIndex = 0; path = "OpenMovement AxLE Firmware Updater.app"; sourceTree = BUILT_PRODUCTS_DIR; };
		032C26B220CACCE5002A7743 /* AppDelegate.swift */ = {isa = PBXFileReference; lastKnownFileType = sourcecode.swift; path = AppDelegate.swift; sourceTree = "<group>"; };
		032C26B420CACCE5002A7743 /* ViewController.swift */ = {isa = PBXFileReference; lastKnownFileType = sourcecode.swift; path = ViewController.swift; sourceTree = "<group>"; };
		032C26B720CACCE5002A7743 /* Base */ = {isa = PBXFileReference; lastKnownFileType = file.storyboard; name = Base; path = Base.lproj/Main.storyboard; sourceTree = "<group>"; };
		032C26B920CACCE6002A7743 /* Assets.xcassets */ = {isa = PBXFileReference; lastKnownFileType = folder.assetcatalog; path = Assets.xcassets; sourceTree = "<group>"; };
		032C26BC20CACCE6002A7743 /* Base */ = {isa = PBXFileReference; lastKnownFileType = file.storyboard; name = Base; path = Base.lproj/LaunchScreen.storyboard; sourceTree = "<group>"; };
		032C26BE20CACCE6002A7743 /* Info.plist */ = {isa = PBXFileReference; lastKnownFileType = text.plist.xml; path = Info.plist; sourceTree = "<group>"; };
		0374119A20CACE090016C33A /* iTunesArtwork */ = {isa = PBXFileReference; lastKnownFileType = file; path = iTunesArtwork; sourceTree = "<group>"; };
		0374119B20CACE090016C33A /* iTunesArtwork@2x */ = {isa = PBXFileReference; lastKnownFileType = text; path = "iTunesArtwork@2x"; sourceTree = "<group>"; };
		037411A420CAF77C0016C33A /* Device.swift */ = {isa = PBXFileReference; lastKnownFileType = sourcecode.swift; path = Device.swift; sourceTree = "<group>"; };
		1BDDE5D0624782D1BFA7C81D /* Pods-OpenMovement AxLE Firmware Updater.debug.xcconfig */ = {isa = PBXFileReference; includeInIndex = 1; lastKnownFileType = text.xcconfig; name = "Pods-OpenMovement AxLE Firmware Updater.debug.xcconfig"; path = "Pods/Target Support Files/Pods-OpenMovement AxLE Firmware Updater/Pods-OpenMovement AxLE Firmware Updater.debug.xcconfig"; sourceTree = "<group>"; };
		7AAEB2B2ED4E79E04FCF7AF7 /* Pods-OpenMovement AxLE Firmware Updater.release.xcconfig */ = {isa = PBXFileReference; includeInIndex = 1; lastKnownFileType = text.xcconfig; name = "Pods-OpenMovement AxLE Firmware Updater.release.xcconfig"; path = "Pods/Target Support Files/Pods-OpenMovement AxLE Firmware Updater/Pods-OpenMovement AxLE Firmware Updater.release.xcconfig"; sourceTree = "<group>"; };
		E0EF8904F2C3EBD2322A64B8 /* Pods_OpenMovement_AxLE_Firmware_Updater.framework */ = {isa = PBXFileReference; explicitFileType = wrapper.framework; includeInIndex = 0; path = Pods_OpenMovement_AxLE_Firmware_Updater.framework; sourceTree = BUILT_PRODUCTS_DIR; };
/* End PBXFileReference section */

/* Begin PBXFrameworksBuildPhase section */
		032C26AC20CACCE5002A7743 /* Frameworks */ = {
			isa = PBXFrameworksBuildPhase;
			buildActionMask = 2147483647;
			files = (
				FE4E543E029F5D5D949B531E /* Pods_OpenMovement_AxLE_Firmware_Updater.framework in Frameworks */,
			);
			runOnlyForDeploymentPostprocessing = 0;
		};
/* End PBXFrameworksBuildPhase section */

/* Begin PBXGroup section */
		032C26A620CACCE5002A7743 = {
			isa = PBXGroup;
			children = (
				032C26B120CACCE5002A7743 /* OpenMovement AxLE Firmware Updater */,
				032C26B020CACCE5002A7743 /* Products */,
				B1DF99A96436091CB37B5B16 /* Pods */,
				FBFDF7C0F3C75839394B92BE /* Frameworks */,
			);
			sourceTree = "<group>";
		};
		032C26B020CACCE5002A7743 /* Products */ = {
			isa = PBXGroup;
			children = (
				032C26AF20CACCE5002A7743 /* OpenMovement AxLE Firmware Updater.app */,
			);
			name = Products;
			sourceTree = "<group>";
		};
		032C26B120CACCE5002A7743 /* OpenMovement AxLE Firmware Updater */ = {
			isa = PBXGroup;
			children = (
				030D267E218C69810031F7C6 /* update-1.8.zip */,
				0374119A20CACE090016C33A /* iTunesArtwork */,
				0374119B20CACE090016C33A /* iTunesArtwork@2x */,
				032C26B220CACCE5002A7743 /* AppDelegate.swift */,
				032C26B420CACCE5002A7743 /* ViewController.swift */,
				032C26B620CACCE5002A7743 /* Main.storyboard */,
				032C26B920CACCE6002A7743 /* Assets.xcassets */,
				032C26BB20CACCE6002A7743 /* LaunchScreen.storyboard */,
				032C26BE20CACCE6002A7743 /* Info.plist */,
				037411A420CAF77C0016C33A /* Device.swift */,
			);
			path = "OpenMovement AxLE Firmware Updater";
			sourceTree = "<group>";
		};
		B1DF99A96436091CB37B5B16 /* Pods */ = {
			isa = PBXGroup;
			children = (
				1BDDE5D0624782D1BFA7C81D /* Pods-OpenMovement AxLE Firmware Updater.debug.xcconfig */,
				7AAEB2B2ED4E79E04FCF7AF7 /* Pods-OpenMovement AxLE Firmware Updater.release.xcconfig */,
			);
			name = Pods;
			sourceTree = "<group>";
		};
		FBFDF7C0F3C75839394B92BE /* Frameworks */ = {
			isa = PBXGroup;
			children = (
				E0EF8904F2C3EBD2322A64B8 /* Pods_OpenMovement_AxLE_Firmware_Updater.framework */,
			);
			name = Frameworks;
			sourceTree = "<group>";
		};
/* End PBXGroup section */

/* Begin PBXNativeTarget section */
		032C26AE20CACCE5002A7743 /* OpenMovement AxLE Firmware Updater */ = {
			isa = PBXNativeTarget;
			buildConfigurationList = 032C26C120CACCE6002A7743 /* Build configuration list for PBXNativeTarget "OpenMovement AxLE Firmware Updater" */;
			buildPhases = (
				4BA220FD4B626116C3014663 /* [CP] Check Pods Manifest.lock */,
				032C26AB20CACCE5002A7743 /* Sources */,
				032C26AC20CACCE5002A7743 /* Frameworks */,
				032C26AD20CACCE5002A7743 /* Resources */,
				D2680F82E31544FD31A7AE46 /* [CP] Embed Pods Frameworks */,
			);
			buildRules = (
			);
			dependencies = (
			);
			name = "OpenMovement AxLE Firmware Updater";
			productName = "OpenMovement AxLE Firmware Updater";
			productReference = 032C26AF20CACCE5002A7743 /* OpenMovement AxLE Firmware Updater.app */;
			productType = "com.apple.product-type.application";
		};
/* End PBXNativeTarget section */

/* Begin PBXProject section */
		032C26A720CACCE5002A7743 /* Project object */ = {
			isa = PBXProject;
			attributes = {
				LastSwiftUpdateCheck = 0940;
				LastUpgradeCheck = 0940;
				ORGANIZATIONNAME = "Gerard Wilkinson";
				TargetAttributes = {
					032C26AE20CACCE5002A7743 = {
						CreatedOnToolsVersion = 9.4;
						LastSwiftMigration = 1010;
					};
				};
			};
			buildConfigurationList = 032C26AA20CACCE5002A7743 /* Build configuration list for PBXProject "OpenMovement AxLE Firmware Updater" */;
			compatibilityVersion = "Xcode 9.3";
			developmentRegion = en;
			hasScannedForEncodings = 0;
			knownRegions = (
				en,
				Base,
			);
			mainGroup = 032C26A620CACCE5002A7743;
			productRefGroup = 032C26B020CACCE5002A7743 /* Products */;
			projectDirPath = "";
			projectRoot = "";
			targets = (
				032C26AE20CACCE5002A7743 /* OpenMovement AxLE Firmware Updater */,
			);
		};
/* End PBXProject section */

/* Begin PBXResourcesBuildPhase section */
		032C26AD20CACCE5002A7743 /* Resources */ = {
			isa = PBXResourcesBuildPhase;
			buildActionMask = 2147483647;
			files = (
				0374119D20CACE090016C33A /* iTunesArtwork@2x in Resources */,
				032C26BD20CACCE6002A7743 /* LaunchScreen.storyboard in Resources */,
				032C26BA20CACCE6002A7743 /* Assets.xcassets in Resources */,
				030D267F218C69810031F7C6 /* update-1.8.zip in Resources */,
				032C26B820CACCE5002A7743 /* Main.storyboard in Resources */,
				0374119C20CACE090016C33A /* iTunesArtwork in Resources */,
			);
			runOnlyForDeploymentPostprocessing = 0;
		};
/* End PBXResourcesBuildPhase section */

/* Begin PBXShellScriptBuildPhase section */
		4BA220FD4B626116C3014663 /* [CP] Check Pods Manifest.lock */ = {
			isa = PBXShellScriptBuildPhase;
			buildActionMask = 2147483647;
			files = (
			);
			inputPaths = (
				"${PODS_PODFILE_DIR_PATH}/Podfile.lock",
				"${PODS_ROOT}/Manifest.lock",
			);
			name = "[CP] Check Pods Manifest.lock";
			outputPaths = (
				"$(DERIVED_FILE_DIR)/Pods-OpenMovement AxLE Firmware Updater-checkManifestLockResult.txt",
			);
			runOnlyForDeploymentPostprocessing = 0;
			shellPath = /bin/sh;
			shellScript = "diff \"${PODS_PODFILE_DIR_PATH}/Podfile.lock\" \"${PODS_ROOT}/Manifest.lock\" > /dev/null\nif [ $? != 0 ] ; then\n    # print error to STDERR\n    echo \"error: The sandbox is not in sync with the Podfile.lock. Run 'pod install' or update your CocoaPods installation.\" >&2\n    exit 1\nfi\n# This output is used by Xcode 'outputs' to avoid re-running this script phase.\necho \"SUCCESS\" > \"${SCRIPT_OUTPUT_FILE_0}\"\n";
			showEnvVarsInLog = 0;
		};
		D2680F82E31544FD31A7AE46 /* [CP] Embed Pods Frameworks */ = {
			isa = PBXShellScriptBuildPhase;
			buildActionMask = 2147483647;
			files = (
			);
			inputPaths = (
				"${SRCROOT}/Pods/Target Support Files/Pods-OpenMovement AxLE Firmware Updater/Pods-OpenMovement AxLE Firmware Updater-frameworks.sh",
				"${BUILT_PRODUCTS_DIR}/SVProgressHUD/SVProgressHUD.framework",
				"${BUILT_PRODUCTS_DIR}/Zip/Zip.framework",
				"${BUILT_PRODUCTS_DIR}/iOSDFULibrary/iOSDFULibrary.framework",
			);
			name = "[CP] Embed Pods Frameworks";
			outputPaths = (
				"${TARGET_BUILD_DIR}/${FRAMEWORKS_FOLDER_PATH}/SVProgressHUD.framework",
				"${TARGET_BUILD_DIR}/${FRAMEWORKS_FOLDER_PATH}/Zip.framework",
				"${TARGET_BUILD_DIR}/${FRAMEWORKS_FOLDER_PATH}/iOSDFULibrary.framework",
			);
			runOnlyForDeploymentPostprocessing = 0;
			shellPath = /bin/sh;
			shellScript = "\"${SRCROOT}/Pods/Target Support Files/Pods-OpenMovement AxLE Firmware Updater/Pods-OpenMovement AxLE Firmware Updater-frameworks.sh\"\n";
			showEnvVarsInLog = 0;
		};
/* End PBXShellScriptBuildPhase section */

/* Begin PBXSourcesBuildPhase section */
		032C26AB20CACCE5002A7743 /* Sources */ = {
			isa = PBXSourcesBuildPhase;
			buildActionMask = 2147483647;
			files = (
				037411A520CAF77C0016C33A /* Device.swift in Sources */,
				032C26B520CACCE5002A7743 /* ViewController.swift in Sources */,
				032C26B320CACCE5002A7743 /* AppDelegate.swift in Sources */,
			);
			runOnlyForDeploymentPostprocessing = 0;
		};
/* End PBXSourcesBuildPhase section */

/* Begin PBXVariantGroup section */
		032C26B620CACCE5002A7743 /* Main.storyboard */ = {
			isa = PBXVariantGroup;
			children = (
				032C26B720CACCE5002A7743 /* Base */,
			);
			name = Main.storyboard;
			sourceTree = "<group>";
		};
		032C26BB20CACCE6002A7743 /* LaunchScreen.storyboard */ = {
			isa = PBXVariantGroup;
			children = (
				032C26BC20CACCE6002A7743 /* Base */,
			);
			name = LaunchScreen.storyboard;
			sourceTree = "<group>";
		};
/* End PBXVariantGroup section */

/* Begin XCBuildConfiguration section */
		032C26BF20CACCE6002A7743 /* Debug */ = {
			isa = XCBuildConfiguration;
			buildSettings = {
				ALWAYS_SEARCH_USER_PATHS = NO;
				CLANG_ANALYZER_NONNULL = YES;
				CLANG_ANALYZER_NUMBER_OBJECT_CONVERSION = YES_AGGRESSIVE;
				CLANG_CXX_LANGUAGE_STANDARD = "gnu++14";
				CLANG_CXX_LIBRARY = "libc++";
				CLANG_ENABLE_MODULES = YES;
				CLANG_ENABLE_OBJC_ARC = YES;
				CLANG_ENABLE_OBJC_WEAK = YES;
				CLANG_WARN_BLOCK_CAPTURE_AUTORELEASING = YES;
				CLANG_WARN_BOOL_CONVERSION = YES;
				CLANG_WARN_COMMA = YES;
				CLANG_WARN_CONSTANT_CONVERSION = YES;
				CLANG_WARN_DEPRECATED_OBJC_IMPLEMENTATIONS = YES;
				CLANG_WARN_DIRECT_OBJC_ISA_USAGE = YES_ERROR;
				CLANG_WARN_DOCUMENTATION_COMMENTS = YES;
				CLANG_WARN_EMPTY_BODY = YES;
				CLANG_WARN_ENUM_CONVERSION = YES;
				CLANG_WARN_INFINITE_RECURSION = YES;
				CLANG_WARN_INT_CONVERSION = YES;
				CLANG_WARN_NON_LITERAL_NULL_CONVERSION = YES;
				CLANG_WARN_OBJC_IMPLICIT_RETAIN_SELF = YES;
				CLANG_WARN_OBJC_LITERAL_CONVERSION = YES;
				CLANG_WARN_OBJC_ROOT_CLASS = YES_ERROR;
				CLANG_WARN_RANGE_LOOP_ANALYSIS = YES;
				CLANG_WARN_STRICT_PROTOTYPES = YES;
				CLANG_WARN_SUSPICIOUS_MOVE = YES;
				CLANG_WARN_UNGUARDED_AVAILABILITY = YES_AGGRESSIVE;
				CLANG_WARN_UNREACHABLE_CODE = YES;
				CLANG_WARN__DUPLICATE_METHOD_MATCH = YES;
				CODE_SIGN_IDENTITY = "iPhone Developer";
				COPY_PHASE_STRIP = NO;
				DEBUG_INFORMATION_FORMAT = dwarf;
				ENABLE_STRICT_OBJC_MSGSEND = YES;
				ENABLE_TESTABILITY = YES;
				GCC_C_LANGUAGE_STANDARD = gnu11;
				GCC_DYNAMIC_NO_PIC = NO;
				GCC_NO_COMMON_BLOCKS = YES;
				GCC_OPTIMIZATION_LEVEL = 0;
				GCC_PREPROCESSOR_DEFINITIONS = (
					"DEBUG=1",
					"$(inherited)",
				);
				GCC_WARN_64_TO_32_BIT_CONVERSION = YES;
				GCC_WARN_ABOUT_RETURN_TYPE = YES_ERROR;
				GCC_WARN_UNDECLARED_SELECTOR = YES;
				GCC_WARN_UNINITIALIZED_AUTOS = YES_AGGRESSIVE;
				GCC_WARN_UNUSED_FUNCTION = YES;
				GCC_WARN_UNUSED_VARIABLE = YES;
				IPHONEOS_DEPLOYMENT_TARGET = 11.4;
				MTL_ENABLE_DEBUG_INFO = YES;
				ONLY_ACTIVE_ARCH = YES;
				SDKROOT = iphoneos;
				SWIFT_ACTIVE_COMPILATION_CONDITIONS = DEBUG;
				SWIFT_OPTIMIZATION_LEVEL = "-Onone";
			};
			name = Debug;
		};
		032C26C020CACCE6002A7743 /* Release */ = {
			isa = XCBuildConfiguration;
			buildSettings = {
				ALWAYS_SEARCH_USER_PATHS = NO;
				CLANG_ANALYZER_NONNULL = YES;
				CLANG_ANALYZER_NUMBER_OBJECT_CONVERSION = YES_AGGRESSIVE;
				CLANG_CXX_LANGUAGE_STANDARD = "gnu++14";
				CLANG_CXX_LIBRARY = "libc++";
				CLANG_ENABLE_MODULES = YES;
				CLANG_ENABLE_OBJC_ARC = YES;
				CLANG_ENABLE_OBJC_WEAK = YES;
				CLANG_WARN_BLOCK_CAPTURE_AUTORELEASING = YES;
				CLANG_WARN_BOOL_CONVERSION = YES;
				CLANG_WARN_COMMA = YES;
				CLANG_WARN_CONSTANT_CONVERSION = YES;
				CLANG_WARN_DEPRECATED_OBJC_IMPLEMENTATIONS = YES;
				CLANG_WARN_DIRECT_OBJC_ISA_USAGE = YES_ERROR;
				CLANG_WARN_DOCUMENTATION_COMMENTS = YES;
				CLANG_WARN_EMPTY_BODY = YES;
				CLANG_WARN_ENUM_CONVERSION = YES;
				CLANG_WARN_INFINITE_RECURSION = YES;
				CLANG_WARN_INT_CONVERSION = YES;
				CLANG_WARN_NON_LITERAL_NULL_CONVERSION = YES;
				CLANG_WARN_OBJC_IMPLICIT_RETAIN_SELF = YES;
				CLANG_WARN_OBJC_LITERAL_CONVERSION = YES;
				CLANG_WARN_OBJC_ROOT_CLASS = YES_ERROR;
				CLANG_WARN_RANGE_LOOP_ANALYSIS = YES;
				CLANG_WARN_STRICT_PROTOTYPES = YES;
				CLANG_WARN_SUSPICIOUS_MOVE = YES;
				CLANG_WARN_UNGUARDED_AVAILABILITY = YES_AGGRESSIVE;
				CLANG_WARN_UNREACHABLE_CODE = YES;
				CLANG_WARN__DUPLICATE_METHOD_MATCH = YES;
				CODE_SIGN_IDENTITY = "iPhone Developer";
				COPY_PHASE_STRIP = NO;
				DEBUG_INFORMATION_FORMAT = "dwarf-with-dsym";
				ENABLE_NS_ASSERTIONS = NO;
				ENABLE_STRICT_OBJC_MSGSEND = YES;
				GCC_C_LANGUAGE_STANDARD = gnu11;
				GCC_NO_COMMON_BLOCKS = YES;
				GCC_WARN_64_TO_32_BIT_CONVERSION = YES;
				GCC_WARN_ABOUT_RETURN_TYPE = YES_ERROR;
				GCC_WARN_UNDECLARED_SELECTOR = YES;
				GCC_WARN_UNINITIALIZED_AUTOS = YES_AGGRESSIVE;
				GCC_WARN_UNUSED_FUNCTION = YES;
				GCC_WARN_UNUSED_VARIABLE = YES;
				IPHONEOS_DEPLOYMENT_TARGET = 11.4;
				MTL_ENABLE_DEBUG_INFO = NO;
				SDKROOT = iphoneos;
				SWIFT_COMPILATION_MODE = wholemodule;
				SWIFT_OPTIMIZATION_LEVEL = "-O";
				VALIDATE_PRODUCT = YES;
			};
			name = Release;
		};
		032C26C220CACCE6002A7743 /* Debug */ = {
			isa = XCBuildConfiguration;
			baseConfigurationReference = 1BDDE5D0624782D1BFA7C81D /* Pods-OpenMovement AxLE Firmware Updater.debug.xcconfig */;
			buildSettings = {
				ASSETCATALOG_COMPILER_APPICON_NAME = AppIcon;
				CODE_SIGN_STYLE = Automatic;
				DEVELOPMENT_TEAM = J3676MPZ85;
				INFOPLIST_FILE = "OpenMovement AxLE Firmware Updater/Info.plist";
				LD_RUNPATH_SEARCH_PATHS = (
					"$(inherited)",
					"@executable_path/Frameworks",
				);
				PRODUCT_BUNDLE_IDENTIFIER = "uk.ac.ncl.OpenLab.OpenMovement-AxLE-Firmware-Updater";
				PRODUCT_NAME = "$(TARGET_NAME)";
				SWIFT_VERSION = 4.2;
				TARGETED_DEVICE_FAMILY = "1,2";
			};
			name = Debug;
		};
		032C26C320CACCE6002A7743 /* Release */ = {
			isa = XCBuildConfiguration;
			baseConfigurationReference = 7AAEB2B2ED4E79E04FCF7AF7 /* Pods-OpenMovement AxLE Firmware Updater.release.xcconfig */;
			buildSettings = {
				ASSETCATALOG_COMPILER_APPICON_NAME = AppIcon;
				CODE_SIGN_STYLE = Automatic;
				DEVELOPMENT_TEAM = J3676MPZ85;
				INFOPLIST_FILE = "OpenMovement AxLE Firmware Updater/Info.plist";
				LD_RUNPATH_SEARCH_PATHS = (
					"$(inherited)",
					"@executable_path/Frameworks",
				);
				PRODUCT_BUNDLE_IDENTIFIER = "uk.ac.ncl.OpenLab.OpenMovement-AxLE-Firmware-Updater";
				PRODUCT_NAME = "$(TARGET_NAME)";
				SWIFT_VERSION = 4.2;
				TARGETED_DEVICE_FAMILY = "1,2";
			};
			name = Release;
		};
/* End XCBuildConfiguration section */

/* Begin XCConfigurationList section */
		032C26AA20CACCE5002A7743 /* Build configuration list for PBXProject "OpenMovement AxLE Firmware Updater" */ = {
			isa = XCConfigurationList;
			buildConfigurations = (
				032C26BF20CACCE6002A7743 /* Debug */,
				032C26C020CACCE6002A7743 /* Release */,
			);
			defaultConfigurationIsVisible = 0;
			defaultConfigurationName = Release;
		};
		032C26C120CACCE6002A7743 /* Build configuration list for PBXNativeTarget "OpenMovement AxLE Firmware Updater" */ = {
			isa = XCConfigurationList;
			buildConfigurations = (
				032C26C220CACCE6002A7743 /* Debug */,
				032C26C320CACCE6002A7743 /* Release */,
			);
			defaultConfigurationIsVisible = 0;
			defaultConfigurationName = Release;
		};
/* End XCConfigurationList section */
	};
	rootObject = 032C26A720CACCE5002A7743 /* Project object */;
}
